
Microsoft Visual Studio Solution File, Format Version 12.00
# Visual Studio Version 17
VisualStudioVersion = 17.3.32811.315
MinimumVisualStudioVersion = 10.0.40219.1
Project("{FAE04EC0-301F-11D3-BF4B-00C04F79EFBC}") = "APIClientes", "APIClientes\APIClientes.csproj", "{CB5B9778-6D10-4937-BD86-D4BFB55D2C2D}"
EndProject
Global
	GlobalSection(SolutionConfigurationPlatforms) = preSolution
		Debug|Any CPU = Debug|Any CPU
		Release|Any CPU = Release|Any CPU
	EndGlobalSection
	GlobalSection(ProjectConfigurationPlatforms) = postSolution
		{CB5B9778-6D10-4937-BD86-D4BFB55D2C2D}.Debug|Any CPU.ActiveCfg = Debug|Any CPU
		{CB5B9778-6D10-4937-BD86-D4BFB55D2C2D}.Debug|Any CPU.Build.0 = Debug|Any CPU
		{CB5B9778-6D10-4937-BD86-D4BFB55D2C2D}.Release|Any CPU.ActiveCfg = Release|Any CPU
		{CB5B9778-6D10-4937-BD86-D4BFB55D2C2D}.Release|Any CPU.Build.0 = Release|Any CPU
	EndGlobalSection
	GlobalSection(SolutionProperties) = preSolution
		HideSolutionNode = FALSE
	EndGlobalSection
	GlobalSection(ExtensibilityGlobals) = postSolution
		SolutionGuid = {B2F61571-A3C8-4D90-B4E6-CE95C5D1996F}
	EndGlobalSection
EndGlobal
